// !$*UTF8*$!
{
	archiveVersion = 1;
	classes = {
	};
	objectVersion = 46;
	objects = {

/* Begin PBXBuildFile section */
		EB122CF81CBCE3540074E2D9 /* main.m in Sources */ = {isa = PBXBuildFile; fileRef = EB122CF71CBCE3540074E2D9 /* main.m */; };
		EB122CFB1CBCE3540074E2D9 /* AppDelegate.m in Sources */ = {isa = PBXBuildFile; fileRef = EB122CFA1CBCE3540074E2D9 /* AppDelegate.m */; };
		EB122CFE1CBCE3540074E2D9 /* ViewController.m in Sources */ = {isa = PBXBuildFile; fileRef = EB122CFD1CBCE3540074E2D9 /* ViewController.m */; };
		EB122D011CBCE3540074E2D9 /* Main.storyboard in Resources */ = {isa = PBXBuildFile; fileRef = EB122CFF1CBCE3540074E2D9 /* Main.storyboard */; };
		EB122D031CBCE3540074E2D9 /* Assets.xcassets in Resources */ = {isa = PBXBuildFile; fileRef = EB122D021CBCE3540074E2D9 /* Assets.xcassets */; };
		EB122D061CBCE3540074E2D9 /* LaunchScreen.storyboard in Resources */ = {isa = PBXBuildFile; fileRef = EB122D041CBCE3540074E2D9 /* LaunchScreen.storyboard */; };
		EB122D111CBCE3540074E2D9 /* TTWatchTests.m in Sources */ = {isa = PBXBuildFile; fileRef = EB122D101CBCE3540074E2D9 /* TTWatchTests.m */; };
		EB122D1C1CBCE3540074E2D9 /* TTWatchUITests.m in Sources */ = {isa = PBXBuildFile; fileRef = EB122D1B1CBCE3540074E2D9 /* TTWatchUITests.m */; };
		EB122D211CBCE3540074E2D9 /* TTWatch WatchKit App.app in Embed Watch Content */ = {isa = PBXBuildFile; fileRef = EB122D201CBCE3540074E2D9 /* TTWatch WatchKit App.app */; };
		EB122D271CBCE3540074E2D9 /* Interface.storyboard in Resources */ = {isa = PBXBuildFile; fileRef = EB122D251CBCE3540074E2D9 /* Interface.storyboard */; };
		EB122D291CBCE3540074E2D9 /* Assets.xcassets in Resources */ = {isa = PBXBuildFile; fileRef = EB122D281CBCE3540074E2D9 /* Assets.xcassets */; };
		EB122D301CBCE3550074E2D9 /* TTWatch WatchKit Extension.appex in Embed App Extensions */ = {isa = PBXBuildFile; fileRef = EB122D2F1CBCE3550074E2D9 /* TTWatch WatchKit Extension.appex */; settings = {ATTRIBUTES = (RemoveHeadersOnCopy, ); }; };
		EB122D381CBCE3550074E2D9 /* InterfaceController.m in Sources */ = {isa = PBXBuildFile; fileRef = EB122D371CBCE3550074E2D9 /* InterfaceController.m */; };
		EB122D3B1CBCE3550074E2D9 /* ExtensionDelegate.m in Sources */ = {isa = PBXBuildFile; fileRef = EB122D3A1CBCE3550074E2D9 /* ExtensionDelegate.m */; };
		EB122D3E1CBCE3550074E2D9 /* NotificationController.m in Sources */ = {isa = PBXBuildFile; fileRef = EB122D3D1CBCE3550074E2D9 /* NotificationController.m */; };
		EB122D401CBCE3550074E2D9 /* Assets.xcassets in Resources */ = {isa = PBXBuildFile; fileRef = EB122D3F1CBCE3550074E2D9 /* Assets.xcassets */; };
/* End PBXBuildFile section */

/* Begin PBXContainerItemProxy section */
		EB122D0D1CBCE3540074E2D9 /* PBXContainerItemProxy */ = {
			isa = PBXContainerItemProxy;
			containerPortal = EB122CEB1CBCE3540074E2D9 /* Project object */;
			proxyType = 1;
			remoteGlobalIDString = EB122CF21CBCE3540074E2D9;
			remoteInfo = TTWatch;
		};
		EB122D181CBCE3540074E2D9 /* PBXContainerItemProxy */ = {
			isa = PBXContainerItemProxy;
			containerPortal = EB122CEB1CBCE3540074E2D9 /* Project object */;
			proxyType = 1;
			remoteGlobalIDString = EB122CF21CBCE3540074E2D9;
			remoteInfo = TTWatch;
		};
		EB122D221CBCE3540074E2D9 /* PBXContainerItemProxy */ = {
			isa = PBXContainerItemProxy;
			containerPortal = EB122CEB1CBCE3540074E2D9 /* Project object */;
			proxyType = 1;
			remoteGlobalIDString = EB122D1F1CBCE3540074E2D9;
			remoteInfo = "TTWatch WatchKit App";
		};
		EB122D311CBCE3550074E2D9 /* PBXContainerItemProxy */ = {
			isa = PBXContainerItemProxy;
			containerPortal = EB122CEB1CBCE3540074E2D9 /* Project object */;
			proxyType = 1;
			remoteGlobalIDString = EB122D2E1CBCE3550074E2D9;
			remoteInfo = "TTWatch WatchKit Extension";
		};
/* End PBXContainerItemProxy section */

/* Begin PBXCopyFilesBuildPhase section */
		EB122D471CBCE3550074E2D9 /* Embed App Extensions */ = {
			isa = PBXCopyFilesBuildPhase;
			buildActionMask = 2147483647;
			dstPath = "";
			dstSubfolderSpec = 13;
			files = (
				EB122D301CBCE3550074E2D9 /* TTWatch WatchKit Extension.appex in Embed App Extensions */,
			);
			name = "Embed App Extensions";
			runOnlyForDeploymentPostprocessing = 0;
		};
		EB122D4B1CBCE3550074E2D9 /* Embed Watch Content */ = {
			isa = PBXCopyFilesBuildPhase;
			buildActionMask = 2147483647;
			dstPath = "$(CONTENTS_FOLDER_PATH)/Watch";
			dstSubfolderSpec = 16;
			files = (
				EB122D211CBCE3540074E2D9 /* TTWatch WatchKit App.app in Embed Watch Content */,
			);
			name = "Embed Watch Content";
			runOnlyForDeploymentPostprocessing = 0;
		};
/* End PBXCopyFilesBuildPhase section */

/* Begin PBXFileReference section */
		EB122CF31CBCE3540074E2D9 /* TTWatch.app */ = {isa = PBXFileReference; explicitFileType = wrapper.application; includeInIndex = 0; path = TTWatch.app; sourceTree = BUILT_PRODUCTS_DIR; };
		EB122CF71CBCE3540074E2D9 /* main.m */ = {isa = PBXFileReference; lastKnownFileType = sourcecode.c.objc; path = main.m; sourceTree = "<group>"; };
		EB122CF91CBCE3540074E2D9 /* AppDelegate.h */ = {isa = PBXFileReference; lastKnownFileType = sourcecode.c.h; path = AppDelegate.h; sourceTree = "<group>"; };
		EB122CFA1CBCE3540074E2D9 /* AppDelegate.m */ = {isa = PBXFileReference; lastKnownFileType = sourcecode.c.objc; path = AppDelegate.m; sourceTree = "<group>"; };
		EB122CFC1CBCE3540074E2D9 /* ViewController.h */ = {isa = PBXFileReference; lastKnownFileType = sourcecode.c.h; path = ViewController.h; sourceTree = "<group>"; };
		EB122CFD1CBCE3540074E2D9 /* ViewController.m */ = {isa = PBXFileReference; lastKnownFileType = sourcecode.c.objc; path = ViewController.m; sourceTree = "<group>"; };
		EB122D001CBCE3540074E2D9 /* Base */ = {isa = PBXFileReference; lastKnownFileType = file.storyboard; name = Base; path = Base.lproj/Main.storyboard; sourceTree = "<group>"; };
		EB122D021CBCE3540074E2D9 /* Assets.xcassets */ = {isa = PBXFileReference; lastKnownFileType = folder.assetcatalog; path = Assets.xcassets; sourceTree = "<group>"; };
		EB122D051CBCE3540074E2D9 /* Base */ = {isa = PBXFileReference; lastKnownFileType = file.storyboard; name = Base; path = Base.lproj/LaunchScreen.storyboard; sourceTree = "<group>"; };
		EB122D071CBCE3540074E2D9 /* Info.plist */ = {isa = PBXFileReference; lastKnownFileType = text.plist.xml; path = Info.plist; sourceTree = "<group>"; };
		EB122D0C1CBCE3540074E2D9 /* TTWatchTests.xctest */ = {isa = PBXFileReference; explicitFileType = wrapper.cfbundle; includeInIndex = 0; path = TTWatchTests.xctest; sourceTree = BUILT_PRODUCTS_DIR; };
		EB122D101CBCE3540074E2D9 /* TTWatchTests.m */ = {isa = PBXFileReference; lastKnownFileType = sourcecode.c.objc; path = TTWatchTests.m; sourceTree = "<group>"; };
		EB122D121CBCE3540074E2D9 /* Info.plist */ = {isa = PBXFileReference; lastKnownFileType = text.plist.xml; path = Info.plist; sourceTree = "<group>"; };
		EB122D171CBCE3540074E2D9 /* TTWatchUITests.xctest */ = {isa = PBXFileReference; explicitFileType = wrapper.cfbundle; includeInIndex = 0; path = TTWatchUITests.xctest; sourceTree = BUILT_PRODUCTS_DIR; };
		EB122D1B1CBCE3540074E2D9 /* TTWatchUITests.m */ = {isa = PBXFileReference; lastKnownFileType = sourcecode.c.objc; path = TTWatchUITests.m; sourceTree = "<group>"; };
		EB122D1D1CBCE3540074E2D9 /* Info.plist */ = {isa = PBXFileReference; lastKnownFileType = text.plist.xml; path = Info.plist; sourceTree = "<group>"; };
		EB122D201CBCE3540074E2D9 /* TTWatch WatchKit App.app */ = {isa = PBXFileReference; explicitFileType = wrapper.application; includeInIndex = 0; path = "TTWatch WatchKit App.app"; sourceTree = BUILT_PRODUCTS_DIR; };
		EB122D261CBCE3540074E2D9 /* Base */ = {isa = PBXFileReference; lastKnownFileType = file.storyboard; name = Base; path = Base.lproj/Interface.storyboard; sourceTree = "<group>"; };
		EB122D281CBCE3540074E2D9 /* Assets.xcassets */ = {isa = PBXFileReference; lastKnownFileType = folder.assetcatalog; path = Assets.xcassets; sourceTree = "<group>"; };
		EB122D2A1CBCE3540074E2D9 /* Info.plist */ = {isa = PBXFileReference; lastKnownFileType = text.plist.xml; path = Info.plist; sourceTree = "<group>"; };
		EB122D2F1CBCE3550074E2D9 /* TTWatch WatchKit Extension.appex */ = {isa = PBXFileReference; explicitFileType = "wrapper.app-extension"; includeInIndex = 0; path = "TTWatch WatchKit Extension.appex"; sourceTree = BUILT_PRODUCTS_DIR; };
		EB122D351CBCE3550074E2D9 /* PushNotificationPayload.apns */ = {isa = PBXFileReference; lastKnownFileType = text; path = PushNotificationPayload.apns; sourceTree = "<group>"; };
		EB122D361CBCE3550074E2D9 /* InterfaceController.h */ = {isa = PBXFileReference; lastKnownFileType = sourcecode.c.h; path = InterfaceController.h; sourceTree = "<group>"; };
		EB122D371CBCE3550074E2D9 /* InterfaceController.m */ = {isa = PBXFileReference; lastKnownFileType = sourcecode.c.objc; path = InterfaceController.m; sourceTree = "<group>"; };
		EB122D391CBCE3550074E2D9 /* ExtensionDelegate.h */ = {isa = PBXFileReference; lastKnownFileType = sourcecode.c.h; path = ExtensionDelegate.h; sourceTree = "<group>"; };
		EB122D3A1CBCE3550074E2D9 /* ExtensionDelegate.m */ = {isa = PBXFileReference; lastKnownFileType = sourcecode.c.objc; path = ExtensionDelegate.m; sourceTree = "<group>"; };
		EB122D3C1CBCE3550074E2D9 /* NotificationController.h */ = {isa = PBXFileReference; lastKnownFileType = sourcecode.c.h; path = NotificationController.h; sourceTree = "<group>"; };
		EB122D3D1CBCE3550074E2D9 /* NotificationController.m */ = {isa = PBXFileReference; lastKnownFileType = sourcecode.c.objc; path = NotificationController.m; sourceTree = "<group>"; };
		EB122D3F1CBCE3550074E2D9 /* Assets.xcassets */ = {isa = PBXFileReference; lastKnownFileType = folder.assetcatalog; path = Assets.xcassets; sourceTree = "<group>"; };
		EB122D411CBCE3550074E2D9 /* Info.plist */ = {isa = PBXFileReference; lastKnownFileType = text.plist.xml; path = Info.plist; sourceTree = "<group>"; };
/* End PBXFileReference section */

/* Begin PBXFrameworksBuildPhase section */
		EB122CF01CBCE3540074E2D9 /* Frameworks */ = {
			isa = PBXFrameworksBuildPhase;
			buildActionMask = 2147483647;
			files = (
			);
			runOnlyForDeploymentPostprocessing = 0;
		};
		EB122D091CBCE3540074E2D9 /* Frameworks */ = {
			isa = PBXFrameworksBuildPhase;
			buildActionMask = 2147483647;
			files = (
			);
			runOnlyForDeploymentPostprocessing = 0;
		};
		EB122D141CBCE3540074E2D9 /* Frameworks */ = {
			isa = PBXFrameworksBuildPhase;
			buildActionMask = 2147483647;
			files = (
			);
			runOnlyForDeploymentPostprocessing = 0;
		};
		EB122D2C1CBCE3550074E2D9 /* Frameworks */ = {
			isa = PBXFrameworksBuildPhase;
			buildActionMask = 2147483647;
			files = (
			);
			runOnlyForDeploymentPostprocessing = 0;
		};
/* End PBXFrameworksBuildPhase section */

/* Begin PBXGroup section */
		EB122CEA1CBCE3540074E2D9 = {
			isa = PBXGroup;
			children = (
				EB122CF51CBCE3540074E2D9 /* TTWatch */,
				EB122D0F1CBCE3540074E2D9 /* TTWatchTests */,
				EB122D1A1CBCE3540074E2D9 /* TTWatchUITests */,
				EB122D241CBCE3540074E2D9 /* TTWatch WatchKit App */,
				EB122D331CBCE3550074E2D9 /* TTWatch WatchKit Extension */,
				EB122CF41CBCE3540074E2D9 /* Products */,
			);
			sourceTree = "<group>";
		};
		EB122CF41CBCE3540074E2D9 /* Products */ = {
			isa = PBXGroup;
			children = (
				EB122CF31CBCE3540074E2D9 /* TTWatch.app */,
				EB122D0C1CBCE3540074E2D9 /* TTWatchTests.xctest */,
				EB122D171CBCE3540074E2D9 /* TTWatchUITests.xctest */,
				EB122D201CBCE3540074E2D9 /* TTWatch WatchKit App.app */,
				EB122D2F1CBCE3550074E2D9 /* TTWatch WatchKit Extension.appex */,
			);
			name = Products;
			sourceTree = "<group>";
		};
		EB122CF51CBCE3540074E2D9 /* TTWatch */ = {
			isa = PBXGroup;
			children = (
				EB122CF91CBCE3540074E2D9 /* AppDelegate.h */,
				EB122CFA1CBCE3540074E2D9 /* AppDelegate.m */,
				EB122CFC1CBCE3540074E2D9 /* ViewController.h */,
				EB122CFD1CBCE3540074E2D9 /* ViewController.m */,
				EB122CFF1CBCE3540074E2D9 /* Main.storyboard */,
				EB122D021CBCE3540074E2D9 /* Assets.xcassets */,
				EB122D041CBCE3540074E2D9 /* LaunchScreen.storyboard */,
				EB122D071CBCE3540074E2D9 /* Info.plist */,
				EB122CF61CBCE3540074E2D9 /* Supporting Files */,
			);
			path = TTWatch;
			sourceTree = "<group>";
		};
		EB122CF61CBCE3540074E2D9 /* Supporting Files */ = {
			isa = PBXGroup;
			children = (
				EB122CF71CBCE3540074E2D9 /* main.m */,
			);
			name = "Supporting Files";
			sourceTree = "<group>";
		};
		EB122D0F1CBCE3540074E2D9 /* TTWatchTests */ = {
			isa = PBXGroup;
			children = (
				EB122D101CBCE3540074E2D9 /* TTWatchTests.m */,
				EB122D121CBCE3540074E2D9 /* Info.plist */,
			);
			path = TTWatchTests;
			sourceTree = "<group>";
		};
		EB122D1A1CBCE3540074E2D9 /* TTWatchUITests */ = {
			isa = PBXGroup;
			children = (
				EB122D1B1CBCE3540074E2D9 /* TTWatchUITests.m */,
				EB122D1D1CBCE3540074E2D9 /* Info.plist */,
			);
			path = TTWatchUITests;
			sourceTree = "<group>";
		};
		EB122D241CBCE3540074E2D9 /* TTWatch WatchKit App */ = {
			isa = PBXGroup;
			children = (
				EB122D251CBCE3540074E2D9 /* Interface.storyboard */,
				EB122D281CBCE3540074E2D9 /* Assets.xcassets */,
				EB122D2A1CBCE3540074E2D9 /* Info.plist */,
			);
			path = "TTWatch WatchKit App";
			sourceTree = "<group>";
		};
		EB122D331CBCE3550074E2D9 /* TTWatch WatchKit Extension */ = {
			isa = PBXGroup;
			children = (
				EB122D361CBCE3550074E2D9 /* InterfaceController.h */,
				EB122D371CBCE3550074E2D9 /* InterfaceController.m */,
				EB122D391CBCE3550074E2D9 /* ExtensionDelegate.h */,
				EB122D3A1CBCE3550074E2D9 /* ExtensionDelegate.m */,
				EB122D3C1CBCE3550074E2D9 /* NotificationController.h */,
				EB122D3D1CBCE3550074E2D9 /* NotificationController.m */,
				EB122D3F1CBCE3550074E2D9 /* Assets.xcassets */,
				EB122D411CBCE3550074E2D9 /* Info.plist */,
				EB122D341CBCE3550074E2D9 /* Supporting Files */,
			);
			path = "TTWatch WatchKit Extension";
			sourceTree = "<group>";
		};
		EB122D341CBCE3550074E2D9 /* Supporting Files */ = {
			isa = PBXGroup;
			children = (
				EB122D351CBCE3550074E2D9 /* PushNotificationPayload.apns */,
			);
			name = "Supporting Files";
			sourceTree = "<group>";
		};
/* End PBXGroup section */

/* Begin PBXNativeTarget section */
		EB122CF21CBCE3540074E2D9 /* TTWatch */ = {
			isa = PBXNativeTarget;
			buildConfigurationList = EB122D4C1CBCE3550074E2D9 /* Build configuration list for PBXNativeTarget "TTWatch" */;
			buildPhases = (
				EB122CEF1CBCE3540074E2D9 /* Sources */,
				EB122CF01CBCE3540074E2D9 /* Frameworks */,
				EB122CF11CBCE3540074E2D9 /* Resources */,
				EB122D4B1CBCE3550074E2D9 /* Embed Watch Content */,
			);
			buildRules = (
			);
			dependencies = (
				EB122D231CBCE3540074E2D9 /* PBXTargetDependency */,
			);
			name = TTWatch;
			productName = TTWatch;
			productReference = EB122CF31CBCE3540074E2D9 /* TTWatch.app */;
			productType = "com.apple.product-type.application";
		};
		EB122D0B1CBCE3540074E2D9 /* TTWatchTests */ = {
			isa = PBXNativeTarget;
			buildConfigurationList = EB122D4F1CBCE3550074E2D9 /* Build configuration list for PBXNativeTarget "TTWatchTests" */;
			buildPhases = (
				EB122D081CBCE3540074E2D9 /* Sources */,
				EB122D091CBCE3540074E2D9 /* Frameworks */,
				EB122D0A1CBCE3540074E2D9 /* Resources */,
			);
			buildRules = (
			);
			dependencies = (
				EB122D0E1CBCE3540074E2D9 /* PBXTargetDependency */,
			);
			name = TTWatchTests;
			productName = TTWatchTests;
			productReference = EB122D0C1CBCE3540074E2D9 /* TTWatchTests.xctest */;
			productType = "com.apple.product-type.bundle.unit-test";
		};
		EB122D161CBCE3540074E2D9 /* TTWatchUITests */ = {
			isa = PBXNativeTarget;
			buildConfigurationList = EB122D521CBCE3550074E2D9 /* Build configuration list for PBXNativeTarget "TTWatchUITests" */;
			buildPhases = (
				EB122D131CBCE3540074E2D9 /* Sources */,
				EB122D141CBCE3540074E2D9 /* Frameworks */,
				EB122D151CBCE3540074E2D9 /* Resources */,
			);
			buildRules = (
			);
			dependencies = (
				EB122D191CBCE3540074E2D9 /* PBXTargetDependency */,
			);
			name = TTWatchUITests;
			productName = TTWatchUITests;
			productReference = EB122D171CBCE3540074E2D9 /* TTWatchUITests.xctest */;
			productType = "com.apple.product-type.bundle.ui-testing";
		};
		EB122D1F1CBCE3540074E2D9 /* TTWatch WatchKit App */ = {
			isa = PBXNativeTarget;
			buildConfigurationList = EB122D481CBCE3550074E2D9 /* Build configuration list for PBXNativeTarget "TTWatch WatchKit App" */;
			buildPhases = (
				EB122D1E1CBCE3540074E2D9 /* Resources */,
				EB122D471CBCE3550074E2D9 /* Embed App Extensions */,
			);
			buildRules = (
			);
			dependencies = (
				EB122D321CBCE3550074E2D9 /* PBXTargetDependency */,
			);
			name = "TTWatch WatchKit App";
			productName = "TTWatch WatchKit App";
			productReference = EB122D201CBCE3540074E2D9 /* TTWatch WatchKit App.app */;
			productType = "com.apple.product-type.application.watchapp2";
		};
		EB122D2E1CBCE3550074E2D9 /* TTWatch WatchKit Extension */ = {
			isa = PBXNativeTarget;
			buildConfigurationList = EB122D441CBCE3550074E2D9 /* Build configuration list for PBXNativeTarget "TTWatch WatchKit Extension" */;
			buildPhases = (
				EB122D2B1CBCE3550074E2D9 /* Sources */,
				EB122D2C1CBCE3550074E2D9 /* Frameworks */,
				EB122D2D1CBCE3550074E2D9 /* Resources */,
			);
			buildRules = (
			);
			dependencies = (
			);
			name = "TTWatch WatchKit Extension";
			productName = "TTWatch WatchKit Extension";
			productReference = EB122D2F1CBCE3550074E2D9 /* TTWatch WatchKit Extension.appex */;
			productType = "com.apple.product-type.watchkit2-extension";
		};
/* End PBXNativeTarget section */

/* Begin PBXProject section */
		EB122CEB1CBCE3540074E2D9 /* Project object */ = {
			isa = PBXProject;
			attributes = {
				LastUpgradeCheck = 0730;
				ORGANIZATIONNAME = TT_code;
				TargetAttributes = {
					EB122CF21CBCE3540074E2D9 = {
						CreatedOnToolsVersion = 7.3;
					};
					EB122D0B1CBCE3540074E2D9 = {
						CreatedOnToolsVersion = 7.3;
						TestTargetID = EB122CF21CBCE3540074E2D9;
					};
					EB122D161CBCE3540074E2D9 = {
						CreatedOnToolsVersion = 7.3;
						TestTargetID = EB122CF21CBCE3540074E2D9;
					};
					EB122D1F1CBCE3540074E2D9 = {
						CreatedOnToolsVersion = 7.3;
					};
					EB122D2E1CBCE3550074E2D9 = {
						CreatedOnToolsVersion = 7.3;
					};
				};
			};
			buildConfigurationList = EB122CEE1CBCE3540074E2D9 /* Build configuration list for PBXProject "TTWatch" */;
			compatibilityVersion = "Xcode 3.2";
			developmentRegion = English;
			hasScannedForEncodings = 0;
			knownRegions = (
				en,
				Base,
			);
			mainGroup = EB122CEA1CBCE3540074E2D9;
			productRefGroup = EB122CF41CBCE3540074E2D9 /* Products */;
			projectDirPath = "";
			projectRoot = "";
			targets = (
				EB122CF21CBCE3540074E2D9 /* TTWatch */,
				EB122D0B1CBCE3540074E2D9 /* TTWatchTests */,
				EB122D161CBCE3540074E2D9 /* TTWatchUITests */,
				EB122D1F1CBCE3540074E2D9 /* TTWatch WatchKit App */,
				EB122D2E1CBCE3550074E2D9 /* TTWatch WatchKit Extension */,
			);
		};
/* End PBXProject section */

/* Begin PBXResourcesBuildPhase section */
		EB122CF11CBCE3540074E2D9 /* Resources */ = {
			isa = PBXResourcesBuildPhase;
			buildActionMask = 2147483647;
			files = (
				EB122D061CBCE3540074E2D9 /* LaunchScreen.storyboard in Resources */,
				EB122D031CBCE3540074E2D9 /* Assets.xcassets in Resources */,
				EB122D011CBCE3540074E2D9 /* Main.storyboard in Resources */,
			);
			runOnlyForDeploymentPostprocessing = 0;
		};
		EB122D0A1CBCE3540074E2D9 /* Resources */ = {
			isa = PBXResourcesBuildPhase;
			buildActionMask = 2147483647;
			files = (
			);
			runOnlyForDeploymentPostprocessing = 0;
		};
		EB122D151CBCE3540074E2D9 /* Resources */ = {
			isa = PBXResourcesBuildPhase;
			buildActionMask = 2147483647;
			files = (
			);
			runOnlyForDeploymentPostprocessing = 0;
		};
		EB122D1E1CBCE3540074E2D9 /* Resources */ = {
			isa = PBXResourcesBuildPhase;
			buildActionMask = 2147483647;
			files = (
				EB122D291CBCE3540074E2D9 /* Assets.xcassets in Resources */,
				EB122D271CBCE3540074E2D9 /* Interface.storyboard in Resources */,
			);
			runOnlyForDeploymentPostprocessing = 0;
		};
		EB122D2D1CBCE3550074E2D9 /* Resources */ = {
			isa = PBXResourcesBuildPhase;
			buildActionMask = 2147483647;
			files = (
				EB122D401CBCE3550074E2D9 /* Assets.xcassets in Resources */,
			);
			runOnlyForDeploymentPostprocessing = 0;
		};
/* End PBXResourcesBuildPhase section */

/* Begin PBXSourcesBuildPhase section */
		EB122CEF1CBCE3540074E2D9 /* Sources */ = {
			isa = PBXSourcesBuildPhase;
			buildActionMask = 2147483647;
			files = (
				EB122CFE1CBCE3540074E2D9 /* ViewController.m in Sources */,
				EB122CFB1CBCE3540074E2D9 /* AppDelegate.m in Sources */,
				EB122CF81CBCE3540074E2D9 /* main.m in Sources */,
			);
			runOnlyForDeploymentPostprocessing = 0;
		};
		EB122D081CBCE3540074E2D9 /* Sources */ = {
			isa = PBXSourcesBuildPhase;
			buildActionMask = 2147483647;
			files = (
				EB122D111CBCE3540074E2D9 /* TTWatchTests.m in Sources */,
			);
			runOnlyForDeploymentPostprocessing = 0;
		};
		EB122D131CBCE3540074E2D9 /* Sources */ = {
			isa = PBXSourcesBuildPhase;
			buildActionMask = 2147483647;
			files = (
				EB122D1C1CBCE3540074E2D9 /* TTWatchUITests.m in Sources */,
			);
			runOnlyForDeploymentPostprocessing = 0;
		};
		EB122D2B1CBCE3550074E2D9 /* Sources */ = {
			isa = PBXSourcesBuildPhase;
			buildActionMask = 2147483647;
			files = (
				EB122D3B1CBCE3550074E2D9 /* ExtensionDelegate.m in Sources */,
				EB122D381CBCE3550074E2D9 /* InterfaceController.m in Sources */,
				EB122D3E1CBCE3550074E2D9 /* NotificationController.m in Sources */,
			);
			runOnlyForDeploymentPostprocessing = 0;
		};
/* End PBXSourcesBuildPhase section */

/* Begin PBXTargetDependency section */
		EB122D0E1CBCE3540074E2D9 /* PBXTargetDependency */ = {
			isa = PBXTargetDependency;
			target = EB122CF21CBCE3540074E2D9 /* TTWatch */;
			targetProxy = EB122D0D1CBCE3540074E2D9 /* PBXContainerItemProxy */;
		};
		EB122D191CBCE3540074E2D9 /* PBXTargetDependency */ = {
			isa = PBXTargetDependency;
			target = EB122CF21CBCE3540074E2D9 /* TTWatch */;
			targetProxy = EB122D181CBCE3540074E2D9 /* PBXContainerItemProxy */;
		};
		EB122D231CBCE3540074E2D9 /* PBXTargetDependency */ = {
			isa = PBXTargetDependency;
			target = EB122D1F1CBCE3540074E2D9 /* TTWatch WatchKit App */;
			targetProxy = EB122D221CBCE3540074E2D9 /* PBXContainerItemProxy */;
		};
		EB122D321CBCE3550074E2D9 /* PBXTargetDependency */ = {
			isa = PBXTargetDependency;
			target = EB122D2E1CBCE3550074E2D9 /* TTWatch WatchKit Extension */;
			targetProxy = EB122D311CBCE3550074E2D9 /* PBXContainerItemProxy */;
		};
/* End PBXTargetDependency section */

/* Begin PBXVariantGroup section */
		EB122CFF1CBCE3540074E2D9 /* Main.storyboard */ = {
			isa = PBXVariantGroup;
			children = (
				EB122D001CBCE3540074E2D9 /* Base */,
			);
			name = Main.storyboard;
			sourceTree = "<group>";
		};
		EB122D041CBCE3540074E2D9 /* LaunchScreen.storyboard */ = {
			isa = PBXVariantGroup;
			children = (
				EB122D051CBCE3540074E2D9 /* Base */,
			);
			name = LaunchScreen.storyboard;
			sourceTree = "<group>";
		};
		EB122D251CBCE3540074E2D9 /* Interface.storyboard */ = {
			isa = PBXVariantGroup;
			children = (
				EB122D261CBCE3540074E2D9 /* Base */,
			);
			name = Interface.storyboard;
			sourceTree = "<group>";
		};
/* End PBXVariantGroup section */

/* Begin XCBuildConfiguration section */
		EB122D421CBCE3550074E2D9 /* Debug */ = {
			isa = XCBuildConfiguration;
			buildSettings = {
				ALWAYS_SEARCH_USER_PATHS = NO;
				CLANG_ANALYZER_NONNULL = YES;
				CLANG_CXX_LANGUAGE_STANDARD = "gnu++0x";
				CLANG_CXX_LIBRARY = "libc++";
				CLANG_ENABLE_MODULES = YES;
				CLANG_ENABLE_OBJC_ARC = YES;
				CLANG_WARN_BOOL_CONVERSION = YES;
				CLANG_WARN_CONSTANT_CONVERSION = YES;
				CLANG_WARN_DIRECT_OBJC_ISA_USAGE = YES_ERROR;
				CLANG_WARN_EMPTY_BODY = YES;
				CLANG_WARN_ENUM_CONVERSION = YES;
				CLANG_WARN_INT_CONVERSION = YES;
				CLANG_WARN_OBJC_ROOT_CLASS = YES_ERROR;
				CLANG_WARN_UNREACHABLE_CODE = YES;
				CLANG_WARN__DUPLICATE_METHOD_MATCH = YES;
				"CODE_SIGN_IDENTITY[sdk=iphoneos*]" = "iPhone Developer";
				COPY_PHASE_STRIP = NO;
				DEBUG_INFORMATION_FORMAT = dwarf;
				ENABLE_STRICT_OBJC_MSGSEND = YES;
				ENABLE_TESTABILITY = YES;
				GCC_C_LANGUAGE_STANDARD = gnu99;
				GCC_DYNAMIC_NO_PIC = NO;
				GCC_NO_COMMON_BLOCKS = YES;
				GCC_OPTIMIZATION_LEVEL = 0;
				GCC_PREPROCESSOR_DEFINITIONS = (
					"DEBUG=1",
					"$(inherited)",
				);
				GCC_WARN_64_TO_32_BIT_CONVERSION = YES;
				GCC_WARN_ABOUT_RETURN_TYPE = YES_ERROR;
				GCC_WARN_UNDECLARED_SELECTOR = YES;
				GCC_WARN_UNINITIALIZED_AUTOS = YES_AGGRESSIVE;
				GCC_WARN_UNUSED_FUNCTION = YES;
				GCC_WARN_UNUSED_VARIABLE = YES;
				IPHONEOS_DEPLOYMENT_TARGET = 9.3;
				MTL_ENABLE_DEBUG_INFO = YES;
				ONLY_ACTIVE_ARCH = YES;
				SDKROOT = iphoneos;
				TARGETED_DEVICE_FAMILY = "1,2";
			};
			name = Debug;
		};
		EB122D431CBCE3550074E2D9 /* Release */ = {
			isa = XCBuildConfiguration;
			buildSettings = {
				ALWAYS_SEARCH_USER_PATHS = NO;
				CLANG_ANALYZER_NONNULL = YES;
				CLANG_CXX_LANGUAGE_STANDARD = "gnu++0x";
				CLANG_CXX_LIBRARY = "libc++";
				CLANG_ENABLE_MODULES = YES;
				CLANG_ENABLE_OBJC_ARC = YES;
				CLANG_WARN_BOOL_CONVERSION = YES;
				CLANG_WARN_CONSTANT_CONVERSION = YES;
				CLANG_WARN_DIRECT_OBJC_ISA_USAGE = YES_ERROR;
				CLANG_WARN_EMPTY_BODY = YES;
				CLANG_WARN_ENUM_CONVERSION = YES;
				CLANG_WARN_INT_CONVERSION = YES;
				CLANG_WARN_OBJC_ROOT_CLASS = YES_ERROR;
				CLANG_WARN_UNREACHABLE_CODE = YES;
				CLANG_WARN__DUPLICATE_METHOD_MATCH = YES;
				"CODE_SIGN_IDENTITY[sdk=iphoneos*]" = "iPhone Developer";
				COPY_PHASE_STRIP = NO;
				DEBUG_INFORMATION_FORMAT = "dwarf-with-dsym";
				ENABLE_NS_ASSERTIONS = NO;
				ENABLE_STRICT_OBJC_MSGSEND = YES;
				GCC_C_LANGUAGE_STANDARD = gnu99;
				GCC_NO_COMMON_BLOCKS = YES;
				GCC_WARN_64_TO_32_BIT_CONVERSION = YES;
				GCC_WARN_ABOUT_RETURN_TYPE = YES_ERROR;
				GCC_WARN_UNDECLARED_SELECTOR = YES;
				GCC_WARN_UNINITIALIZED_AUTOS = YES_AGGRESSIVE;
				GCC_WARN_UNUSED_FUNCTION = YES;
				GCC_WARN_UNUSED_VARIABLE = YES;
				IPHONEOS_DEPLOYMENT_TARGET = 9.3;
				MTL_ENABLE_DEBUG_INFO = NO;
				SDKROOT = iphoneos;
				TARGETED_DEVICE_FAMILY = "1,2";
				VALIDATE_PRODUCT = YES;
			};
			name = Release;
		};
		EB122D451CBCE3550074E2D9 /* Debug */ = {
			isa = XCBuildConfiguration;
			buildSettings = {
				INFOPLIST_FILE = "TTWatch WatchKit Extension/Info.plist";
				LD_RUNPATH_SEARCH_PATHS = "$(inherited) @executable_path/Frameworks @executable_path/../../Frameworks";
				PRODUCT_BUNDLE_IDENTIFIER = com.TTWatch.watchkitapp.watchkitextension;
				PRODUCT_NAME = "${TARGET_NAME}";
				SDKROOT = watchos;
				SKIP_INSTALL = YES;
				TARGETED_DEVICE_FAMILY = 4;
				WATCHOS_DEPLOYMENT_TARGET = 2.2;
			};
			name = Debug;
		};
		EB122D461CBCE3550074E2D9 /* Release */ = {
			isa = XCBuildConfiguration;
			buildSettings = {
				INFOPLIST_FILE = "TTWatch WatchKit Extension/Info.plist";
				LD_RUNPATH_SEARCH_PATHS = "$(inherited) @executable_path/Frameworks @executable_path/../../Frameworks";
				PRODUCT_BUNDLE_IDENTIFIER = com.TTWatch.watchkitapp.watchkitextension;
				PRODUCT_NAME = "${TARGET_NAME}";
				SDKROOT = watchos;
				SKIP_INSTALL = YES;
				TARGETED_DEVICE_FAMILY = 4;
				WATCHOS_DEPLOYMENT_TARGET = 2.2;
			};
			name = Release;
		};
		EB122D491CBCE3550074E2D9 /* Debug */ = {
			isa = XCBuildConfiguration;
			buildSettings = {
				ASSETCATALOG_COMPILER_APPICON_NAME = AppIcon;
				IBSC_MODULE = TTWatch_WatchKit_Extension;
				INFOPLIST_FILE = "TTWatch WatchKit App/Info.plist";
				PRODUCT_BUNDLE_IDENTIFIER = com.TTWatch.watchkitapp;
				PRODUCT_NAME = "$(TARGET_NAME)";
				SDKROOT = watchos;
				SKIP_INSTALL = YES;
				TARGETED_DEVICE_FAMILY = 4;
				WATCHOS_DEPLOYMENT_TARGET = 2.2;
			};
			name = Debug;
		};
		EB122D4A1CBCE3550074E2D9 /* Release */ = {
			isa = XCBuildConfiguration;
			buildSettings = {
				ASSETCATALOG_COMPILER_APPICON_NAME = AppIcon;
				IBSC_MODULE = TTWatch_WatchKit_Extension;
				INFOPLIST_FILE = "TTWatch WatchKit App/Info.plist";
				PRODUCT_BUNDLE_IDENTIFIER = com.TTWatch.watchkitapp;
				PRODUCT_NAME = "$(TARGET_NAME)";
				SDKROOT = watchos;
				SKIP_INSTALL = YES;
				TARGETED_DEVICE_FAMILY = 4;
				WATCHOS_DEPLOYMENT_TARGET = 2.2;
			};
			name = Release;
		};
		EB122D4D1CBCE3550074E2D9 /* Debug */ = {
			isa = XCBuildConfiguration;
			buildSettings = {
				ASSETCATALOG_COMPILER_APPICON_NAME = AppIcon;
				INFOPLIST_FILE = TTWatch/Info.plist;
				LD_RUNPATH_SEARCH_PATHS = "$(inherited) @executable_path/Frameworks";
				PRODUCT_BUNDLE_IDENTIFIER = com.TTWatch;
				PRODUCT_NAME = "$(TARGET_NAME)";
			};
			name = Debug;
		};
		EB122D4E1CBCE3550074E2D9 /* Release */ = {
			isa = XCBuildConfiguration;
			buildSettings = {
				ASSETCATALOG_COMPILER_APPICON_NAME = AppIcon;
				INFOPLIST_FILE = TTWatch/Info.plist;
				LD_RUNPATH_SEARCH_PATHS = "$(inherited) @executable_path/Frameworks";
				PRODUCT_BUNDLE_IDENTIFIER = com.TTWatch;
				PRODUCT_NAME = "$(TARGET_NAME)";
			};
			name = Release;
		};
		EB122D501CBCE3550074E2D9 /* Debug */ = {
			isa = XCBuildConfiguration;
			buildSettings = {
				BUNDLE_LOADER = "$(TEST_HOST)";
				INFOPLIST_FILE = TTWatchTests/Info.plist;
				LD_RUNPATH_SEARCH_PATHS = "$(inherited) @executable_path/Frameworks @loader_path/Frameworks";
				PRODUCT_BUNDLE_IDENTIFIER = com.TTWatchTests;
				PRODUCT_NAME = "$(TARGET_NAME)";
				TEST_HOST = "$(BUILT_PRODUCTS_DIR)/TTWatch.app/TTWatch";
			};
			name = Debug;
		};
		EB122D511CBCE3550074E2D9 /* Release */ = {
			isa = XCBuildConfiguration;
			buildSettings = {
				BUNDLE_LOADER = "$(TEST_HOST)";
				INFOPLIST_FILE = TTWatchTests/Info.plist;
				LD_RUNPATH_SEARCH_PATHS = "$(inherited) @executable_path/Frameworks @loader_path/Frameworks";
				PRODUCT_BUNDLE_IDENTIFIER = com.TTWatchTests;
				PRODUCT_NAME = "$(TARGET_NAME)";
				TEST_HOST = "$(BUILT_PRODUCTS_DIR)/TTWatch.app/TTWatch";
			};
			name = Release;
		};
		EB122D531CBCE3550074E2D9 /* Debug */ = {
			isa = XCBuildConfiguration;
			buildSettings = {
				INFOPLIST_FILE = TTWatchUITests/Info.plist;
				LD_RUNPATH_SEARCH_PATHS = "$(inherited) @executable_path/Frameworks @loader_path/Frameworks";
				PRODUCT_BUNDLE_IDENTIFIER = com.TTWatchUITests;
				PRODUCT_NAME = "$(TARGET_NAME)";
				TEST_TARGET_NAME = TTWatch;
			};
			name = Debug;
		};
		EB122D541CBCE3550074E2D9 /* Release */ = {
			isa = XCBuildConfiguration;
			buildSettings = {
				INFOPLIST_FILE = TTWatchUITests/Info.plist;
				LD_RUNPATH_SEARCH_PATHS = "$(inherited) @executable_path/Frameworks @loader_path/Frameworks";
				PRODUCT_BUNDLE_IDENTIFIER = com.TTWatchUITests;
				PRODUCT_NAME = "$(TARGET_NAME)";
				TEST_TARGET_NAME = TTWatch;
			};
			name = Release;
		};
/* End XCBuildConfiguration section */

/* Begin XCConfigurationList section */
		EB122CEE1CBCE3540074E2D9 /* Build configuration list for PBXProject "TTWatch" */ = {
			isa = XCConfigurationList;
			buildConfigurations = (
				EB122D421CBCE3550074E2D9 /* Debug */,
				EB122D431CBCE3550074E2D9 /* Release */,
			);
			defaultConfigurationIsVisible = 0;
			defaultConfigurationName = Release;
		};
		EB122D441CBCE3550074E2D9 /* Build configuration list for PBXNativeTarget "TTWatch WatchKit Extension" */ = {
			isa = XCConfigurationList;
			buildConfigurations = (
				EB122D451CBCE3550074E2D9 /* Debug */,
				EB122D461CBCE3550074E2D9 /* Release */,
			);
			defaultConfigurationIsVisible = 0;
		};
		EB122D481CBCE3550074E2D9 /* Build configuration list for PBXNativeTarget "TTWatch WatchKit App" */ = {
			isa = XCConfigurationList;
			buildConfigurations = (
				EB122D491CBCE3550074E2D9 /* Debug */,
				EB122D4A1CBCE3550074E2D9 /* Release */,
			);
			defaultConfigurationIsVisible = 0;
		};
		EB122D4C1CBCE3550074E2D9 /* Build configuration list for PBXNativeTarget "TTWatch" */ = {
			isa = XCConfigurationList;
			buildConfigurations = (
				EB122D4D1CBCE3550074E2D9 /* Debug */,
				EB122D4E1CBCE3550074E2D9 /* Release */,
			);
			defaultConfigurationIsVisible = 0;
		};
		EB122D4F1CBCE3550074E2D9 /* Build configuration list for PBXNativeTarget "TTWatchTests" */ = {
			isa = XCConfigurationList;
			buildConfigurations = (
				EB122D501CBCE3550074E2D9 /* Debug */,
				EB122D511CBCE3550074E2D9 /* Release */,
			);
			defaultConfigurationIsVisible = 0;
		};
		EB122D521CBCE3550074E2D9 /* Build configuration list for PBXNativeTarget "TTWatchUITests" */ = {
			isa = XCConfigurationList;
			buildConfigurations = (
				EB122D531CBCE3550074E2D9 /* Debug */,
				EB122D541CBCE3550074E2D9 /* Release */,
			);
			defaultConfigurationIsVisible = 0;
		};
/* End XCConfigurationList section */
	};
	rootObject = EB122CEB1CBCE3540074E2D9 /* Project object */;
}
